{
  "lockfile_version": "1",
  "packages": {
    "github:NixOS/nixpkgs/nixpkgs-unstable": {
      "last_modified": "2026-01-02T14:39:32Z",
      "resolved": "github:NixOS/nixpkgs/16c7794d0a28b5a37904d55bcca36003b9109aaa?lastModified=1767364772&narHash=sha256-fFUnEYMla8b7UKjijLnMe%2BoVFOz6HjijGGNS1l7dYaQ%3D"
    },
    "github:dealenx/nix-apm": {
      "last_modified": "2026-08-20T17:29:53Z",
      "resolved": "github:dealenx/nix-apm/e9caa94577c2dd3b8c2ac9372d507e6db32d405a?lastModified=1787246993&narHash=sha256-vCWK1tYE8IFvIybQVTUEPk0tNwYSXHCnev2wlLi27yM%3D"
    },
    "go@latest": {
      "last_modified": "2025-12-31T03:27:36Z",
      "resolved": "github:NixOS/nixpkgs/f665af0cdb70ed27e1bd8f9fdfecaf451260fc55#go",
      "source": "devbox-search",
      "version": "1.25.5",
      "systems": {
        "aarch64-darwin": {
          "outputs": [
            {
              "name": "out",
              "path": "/nix/store/fy2aq0rg6vbiyjfdpqy3429hqsan7iwm-go-1.25.5",
              "default": true
            }
          ],
          "store_path": "/nix/store/fy2aq0rg6vbiyjfdpqy3429hqsan7iwm-go-1.25.5"
        },
        "aarch64-linux": {
          "outputs": [
            {
              "name": "out",
              "path": "/nix/store/30d96229dgrh6n6bmd4hn9r1hcngj9bn-go-1.25.5",
              "default": true
            }
          ],
          "store_path": "/nix/store/30d96229dgrh6n6bmd4hn9r1hcngj9bn-go-1.25.5"
        },
        "x86_64-darwin": {
          "outputs": [
            {
              "name": "out",
              "path": "/nix/store/wzakp2xy6if4n2b4fb1fkdjwilwlpifk-go-1.25.5",
              "default": true
            }
          ],
          "store_path": "/nix/store/wzakp2xy6if4n2b4fb1fkdjwilwlpifk-go-1.25.5"
        },
        "x86_64-linux": {
          "outputs": [
            {
              "name": "out",
              "path": "/nix/store/60z37432vmgkg54krwr1z057bqwp7583-go-1.25.5",
              "default": true
            }
          ],
          "store_path": "/nix/store/60z37432vmgkg54krwr1z057bqwp7583-go-1.25.5"
        }
      }
    },
    "goreleaser@latest": {
      "last_modified": "2026-08-01T16:34:20Z",
      "resolved": "github:NixOS/nixpkgs/a5cbcfe954791221bfffe2307f7d1a1bf61a871e#goreleaser",
      "source": "devbox-search",
      "version": "2.17.1",
      "systems": {
        "aarch64-darwin": {
          "outputs": [
            {
              "name": "out",
              "path": "/nix/store/z38i86fijgf16lf2z3zym71bx0hwdv9r-goreleaser-2.17.1",
              "default": true
            }
          ],
          "store_path": "/nix/store/z38i86fijgf16lf2z3zym71bx0hwdv9r-goreleaser-2.17.1"
        },
        "aarch64-linux": {
          "outputs": [
            {
              "name": "out",
              "path": "/nix/store/9x14j5m9z1yjijv41xiwsppz49ykcqp6-goreleaser-2.17.1",
              "default": true
            }
          ],
          "store_path": "/nix/store/9x14j5m9z1yjijv41xiwsppz49ykcqp6-goreleaser-2.17.1"
        },
        "x86_64-linux": {
          "outputs": [
            {
              "name": "out",
              "path": "/nix/store/j5fiy9ic6vhhzgq1yp2dwp9cgpqmfi11-goreleaser-2.17.1",
              "default": true
            }
          ],
          "store_path": "/nix/store/j5fiy9ic6vhhzgq1yp2dwp9cgpqmfi11-goreleaser-2.17.1"
        }
      }
    },
    "mise@latest": {
      "last_modified": "2026-01-02T14:39:32Z",
      "resolved": "github:NixOS/nixpkgs/16c7794d0a28b5a37904d55bcca36003b9109aaa#mise",
      "source": "devbox-search",
      "version": "2025.12.12",
      "systems": {
        "aarch64-darwin": {
          "outputs": [
            {
              "name": "out",
              "path": "/nix/store/ca509gghsyq7zryk44vd01p7qjbr67a9-mise-2025.12.12",
              "default": true
            }
          ],
          "store_path": "/nix/store/ca509gghsyq7zryk44vd01p7qjbr67a9-mise-2025.12.12"
        },
        "aarch64-linux": {
          "outputs": [
            {
              "name": "out",
              "path": "/nix/store/9ypaalgilysj8447vk9mpcw8likqrk29-mise-2025.12.12",
              "default": true
            }
          ],
          "store_path": "/nix/store/9ypaalgilysj8447vk9mpcw8likqrk29-mise-2025.12.12"
        },
        "x86_64-darwin": {
          "outputs": [
            {
              "name": "out",
              "path": "/nix/store/qsb8f3z1lkbjnq2jz2il8pcgm88dj1vl-mise-2025.12.12",
              "default": true
            }
          ],
          "store_path": "/nix/store/qsb8f3z1lkbjnq2jz2il8pcgm88dj1vl-mise-2025.12.12"
        },
        "x86_64-linux": {
          "outputs": [
            {
              "name": "out",
              "path": "/nix/store/36m8yr1p5jgijxd9hs4s838azdl8pb8v-mise-2025.12.12",
              "default": true
            }
          ],
          "store_path": "/nix/store/36m8yr1p5jgijxd9hs4s838azdl8pb8v-mise-2025.12.12"
        }
      }
    },
    "nodejs@26": {
      "last_modified": "2026-08-14T06:48:10Z",
      "plugin_version": "0.0.4",
      "resolved": "github:NixOS/nixpkgs/f2b17eb1b90f6a359082035b4538d4c63017aec3#nodejs_26",
      "source": "devbox-search",
      "version": "26.7.0",
      "systems": {
        "aarch64-darwin": {
          "outputs": [
            {
              "name": "out",
              "path": "/nix/store/iyhz8slnbv3m4gmi81gszbm7bybf4ycp-nodejs-26.7.0",
              "default": true
            }
          ],
          "store_path": "/nix/store/iyhz8slnbv3m4gmi81gszbm7bybf4ycp-nodejs-26.7.0"
        },
        "aarch64-linux": {
          "outputs": [
            {
              "name": "out",
              "path": "/nix/store/lz52yimavl1lhjwlyfdyr9vlymdmp95q-nodejs-26.7.0",
              "default": true
            }
          ],
          "store_path": "/nix/store/lz52yimavl1lhjwlyfdyr9vlymdmp95q-nodejs-26.7.0"
        },
        "x86_64-linux": {
          "outputs": [
            {
              "name": "out",
              "path": "/nix/store/33911477n31np6m43lgp8ckpbn7nc85g-nodejs-26.7.0",
              "default": true
            }
          ],
          "store_path": "/nix/store/33911477n31np6m43lgp8ckpbn7nc85g-nodejs-26.7.0"
        }
      }
    }
  }
}
